PODS:
  - FBSnapshotTestCase (2.1.4):
    - FBSnapshotTestCase/SwiftSupport (= 2.1.4)
  - FBSnapshotTestCase/Core (2.1.4)
  - FBSnapshotTestCase/SwiftSupport (2.1.4):
    - FBSnapshotTestCase/Core
  - XDBusinessModule (0.1.0)

DEPENDENCIES:
  - FBSnapshotTestCase
  - XDBusinessModule (from `../`)

SPEC REPOS:
  trunk:
    - FBSnapshotTestCase

EXTERNAL SOURCES:
  XDBusinessModule:
    :path: "../"

SPEC CHECKSUMS:
  FBSnapshotTestCase: 094f9f314decbabe373b87cc339bea235a63e07a
  XDBusinessModule: fdfa271bd025bae98cfcd3084ccc223f28d400a8

PODFILE CHECKSUM: 942a7e235c9625a9d58fb8382e45c0a6b7534035

COCOAPODS: 1.10.1
